{
  "name": "steeple-stream",
  "version": "0.1.0",
  "lockfileVersion": 3,
  "requires": true,
  "packages": {
    "": {
      "name": "steeple-stream",
      "version": "0.1.0",
      "license": "AGPL-3.0-only",
      "dependencies": {
        "cookie": "^2.0.1",
        "openid-client": "^6.8.7",
        "rate-limiter-flexible": "^11.2.0"
      },
      "engines": {
        "node": ">=22.5"
      }
    },
    "node_modules/cookie": {
      "version": "2.0.1",
      "resolved": "https://registry.npmjs.org/cookie/-/cookie-2.0.1.tgz",
      "integrity": "sha512-yuToqVvRrj6pfDXREyQAAv8SkAEk/8GS3jQRTiUMm66TVtBYmqQeoEjL2Lmq8Rpo6271vH76InTChTitEAm65w==",
      "license": "MIT",
      "engines": {
        "node": ">=22"
      },
      "funding": {
        "type": "opencollective",
        "url": "https://opencollective.com/express"
      }
    },
    "node_modules/jose": {
      "version": "6.2.10",
      "resolved": "https://registry.npmjs.org/jose/-/jose-6.2.10.tgz",
      "integrity": "sha512-iiW7J9qRFlGxvCOIBDBDxFePQSn7ZMAnrYGhrrOo6siO/MIqwfyilLR27pkfDgUk+raLuzADS8A3S/KLBisc0g==",
      "license": "MIT",
      "funding": {
        "url": "https://github.com/sponsors/panva"
      }
    },
    "node_modules/oauth4webapi": {
      "version": "3.8.7",
      "resolved": "https://registry.npmjs.org/oauth4webapi/-/oauth4webapi-3.8.7.tgz",
      "integrity": "sha512-4RxcKxXjuItDFZ20RRPf4YTw3kpeXJyCgJFxVzJ068A7PNJ18st2Dg90tlC1LkSDS0GecroagCLHYEIVUhCAkw==",
      "license": "MIT",
      "funding": {
        "url": "https://github.com/sponsors/panva"
      }
    },
    "node_modules/openid-client": {
      "version": "6.8.7",
      "resolved": "https://registry.npmjs.org/openid-client/-/openid-client-6.8.7.tgz",
      "integrity": "sha512-gtKthNu7evSBvTdrrlHb4F3Fi9dcwlb5QaITlCs+9mfpvuOi0Q3qtBf5+iY4sEP8hy1qCoAdxBNPDcmZeVSDzQ==",
      "license": "MIT",
      "dependencies": {
        "jose": "^6.2.8",
        "oauth4webapi": "^3.8.7"
      },
      "funding": {
        "url": "https://github.com/sponsors/panva"
      }
    },
    "node_modules/rate-limiter-flexible": {
      "version": "11.2.0",
      "resolved": "https://registry.npmjs.org/rate-limiter-flexible/-/rate-limiter-flexible-11.2.0.tgz",
      "integrity": "sha512-L0eIK+BmFMi6NcvmtEg7RSswOFKi9MMD5RhBIypFfOve+G6Jl1Xbb8qEHgK3uRzNtkOFYF0L9f7P4rSf2PnUVw==",
      "license": "ISC"
    }
  }
}
